
Microsoft Visual Studio Solution File, Format Version 12.00
# Visual Studio 15
VisualStudioVersion = 15.0.27703.2035
MinimumVisualStudioVersion = 10.0.40219.1
Project("{9A19103F-16F7-4668-BE54-9A1E7A4F7556}") = "ElevatorProject", "ElevatorProject\ElevatorProject.csproj", "{AD966548-254B-458C-9ECA-CEDA7DDF1507}"
EndProject
Project("{9A19103F-16F7-4668-BE54-9A1E7A4F7556}") = "ElevatorTest", "ElevatorTest\ElevatorTest.csproj", "{22E56B2F-0EE0-440C-8D8D-3EAC79166361}"
EndProject
Project("{FAE04EC0-301F-11D3-BF4B-00C04F79EFBC}") = "ElevatorConsoleApp", "ElevatorConsoleApp\ElevatorConsoleApp.csproj", "{46A5A1C0-3D7D-4435-BED3-438F86C77272}"
EndProject
Global
	GlobalSection(SolutionConfigurationPlatforms) = preSolution
		Debug|Any CPU = Debug|Any CPU
		Release|Any CPU = Release|Any CPU
	EndGlobalSection
	GlobalSection(ProjectConfigurationPlatforms) = postSolution
		{AD966548-254B-458C-9ECA-CEDA7DDF1507}.Debug|Any CPU.ActiveCfg = Debug|Any CPU
		{AD966548-254B-458C-9ECA-CEDA7DDF1507}.Debug|Any CPU.Build.0 = Debug|Any CPU
		{AD966548-254B-458C-9ECA-CEDA7DDF1507}.Release|Any CPU.ActiveCfg = Release|Any CPU
		{AD966548-254B-458C-9ECA-CEDA7DDF1507}.Release|Any CPU.Build.0 = Release|Any CPU
		{22E56B2F-0EE0-440C-8D8D-3EAC79166361}.Debug|Any CPU.ActiveCfg = Debug|Any CPU
		{22E56B2F-0EE0-440C-8D8D-3EAC79166361}.Debug|Any CPU.Build.0 = Debug|Any CPU
		{22E56B2F-0EE0-440C-8D8D-3EAC79166361}.Release|Any CPU.ActiveCfg = Release|Any CPU
		{22E56B2F-0EE0-440C-8D8D-3EAC79166361}.Release|Any CPU.Build.0 = Release|Any CPU
		{46A5A1C0-3D7D-4435-BED3-438F86C77272}.Debug|Any CPU.ActiveCfg = Debug|Any CPU
		{46A5A1C0-3D7D-4435-BED3-438F86C77272}.Debug|Any CPU.Build.0 = Debug|Any CPU
		{46A5A1C0-3D7D-4435-BED3-438F86C77272}.Release|Any CPU.ActiveCfg = Release|Any CPU
		{46A5A1C0-3D7D-4435-BED3-438F86C77272}.Release|Any CPU.Build.0 = Release|Any CPU
	EndGlobalSection
	GlobalSection(SolutionProperties) = preSolution
		HideSolutionNode = FALSE
	EndGlobalSection
	GlobalSection(ExtensibilityGlobals) = postSolution
		SolutionGuid = {3CBB6A95-1597-4B99-9BEC-75950DF93D60}
	EndGlobalSection
EndGlobal
